// !$*UTF8*$!
{
	archiveVersion = 1;
	classes = {
	};
	objectVersion = 46;
	objects = {

/* Begin PBXBuildFile section */
		E12FAEA71602D29000A55A5B /* www in Resources */ = {isa = PBXBuildFile; fileRef = E12FAEA61602D29000A55A5B /* www */; };
		E1EBAEE21602CF2F00451B74 /* Foundation.framework in Frameworks */ = {isa = PBXBuildFile; fileRef = E1EBAEE11602CF2F00451B74 /* Foundation.framework */; };
		E1EBAEE41602CF2F00451B74 /* UIKit.framework in Frameworks */ = {isa = PBXBuildFile; fileRef = E1EBAEE31602CF2F00451B74 /* UIKit.framework */; };
		E1EBAEE61602CF2F00451B74 /* CoreGraphics.framework in Frameworks */ = {isa = PBXBuildFile; fileRef = E1EBAEE51602CF2F00451B74 /* CoreGraphics.framework */; };
		E1EBAEE81602CF2F00451B74 /* AddressBook.framework in Frameworks */ = {isa = PBXBuildFile; fileRef = E1EBAEE71602CF2F00451B74 /* AddressBook.framework */; };
		E1EBAEEA1602CF2F00451B74 /* AddressBookUI.framework in Frameworks */ = {isa = PBXBuildFile; fileRef = E1EBAEE91602CF2F00451B74 /* AddressBookUI.framework */; };
		E1EBAEEC1602CF2F00451B74 /* AudioToolbox.framework in Frameworks */ = {isa = PBXBuildFile; fileRef = E1EBAEEB1602CF2F00451B74 /* AudioToolbox.framework */; };
		E1EBAEEE1602CF2F00451B74 /* AVFoundation.framework in Frameworks */ = {isa = PBXBuildFile; fileRef = E1EBAEED1602CF2F00451B74 /* AVFoundation.framework */; };
		E1EBAEF01602CF2F00451B74 /* CoreLocation.framework in Frameworks */ = {isa = PBXBuildFile; fileRef = E1EBAEEF1602CF2F00451B74 /* CoreLocation.framework */; };
		E1EBAEF21602CF2F00451B74 /* MediaPlayer.framework in Frameworks */ = {isa = PBXBuildFile; fileRef = E1EBAEF11602CF2F00451B74 /* MediaPlayer.framework */; };
		E1EBAEF41602CF2F00451B74 /* QuartzCore.framework in Frameworks */ = {isa = PBXBuildFile; fileRef = E1EBAEF31602CF2F00451B74 /* QuartzCore.framework */; };
		E1EBAEF61602CF2F00451B74 /* SystemConfiguration.framework in Frameworks */ = {isa = PBXBuildFile; fileRef = E1EBAEF51602CF2F00451B74 /* SystemConfiguration.framework */; };
		E1EBAEF81602CF2F00451B74 /* MobileCoreServices.framework in Frameworks */ = {isa = PBXBuildFile; fileRef = E1EBAEF71602CF2F00451B74 /* MobileCoreServices.framework */; };
		E1EBAEFA1602CF2F00451B74 /* CoreMedia.framework in Frameworks */ = {isa = PBXBuildFile; fileRef = E1EBAEF91602CF2F00451B74 /* CoreMedia.framework */; };
		E1EBAF001602CF2F00451B74 /* InfoPlist.strings in Resources */ = {isa = PBXBuildFile; fileRef = E1EBAEFE1602CF2F00451B74 /* InfoPlist.strings */; };
		E1EBAF021602CF2F00451B74 /* main.m in Sources */ = {isa = PBXBuildFile; fileRef = E1EBAF011602CF2F00451B74 /* main.m */; };
		E1EBAF051602CF2F00451B74 /* Cordova.framework in Frameworks */ = {isa = PBXBuildFile; fileRef = E1EBAF041602CF2F00451B74 /* Cordova.framework */; };
		E1EBAF0A1602CF2F00451B74 /* Localizable.strings in Resources */ = {isa = PBXBuildFile; fileRef = E1EBAF081602CF2F00451B74 /* Localizable.strings */; };
		E1EBAF191602CF2F00451B74 /* icon.png in Resources */ = {isa = PBXBuildFile; fileRef = E1EBAF181602CF2F00451B74 /* icon.png */; };
		E1EBAF1B1602CF2F00451B74 /* icon@2x.png in Resources */ = {isa = PBXBuildFile; fileRef = E1EBAF1A1602CF2F00451B74 /* icon@2x.png */; };
		E1EBAF1D1602CF2F00451B74 /* icon-72.png in Resources */ = {isa = PBXBuildFile; fileRef = E1EBAF1C1602CF2F00451B74 /* icon-72.png */; };
		E1EBAF201602CF2F00451B74 /* Default~iphone.png in Resources */ = {isa = PBXBuildFile; fileRef = E1EBAF1F1602CF2F00451B74 /* Default~iphone.png */; };
		E1EBAF221602CF2F00451B74 /* Default@2x~iphone.png in Resources */ = {isa = PBXBuildFile; fileRef = E1EBAF211602CF2F00451B74 /* Default@2x~iphone.png */; };
		E1EBAF241602CF2F00451B74 /* Capture.bundle in Resources */ = {isa = PBXBuildFile; fileRef = E1EBAF231602CF2F00451B74 /* Capture.bundle */; };
		E1EBAF261602CF2F00451B74 /* Cordova.plist in Resources */ = {isa = PBXBuildFile; fileRef = E1EBAF251602CF2F00451B74 /* Cordova.plist */; };
		E1EBAF2A1602CF2F00451B74 /* AppDelegate.m in Sources */ = {isa = PBXBuildFile; fileRef = E1EBAF291602CF2F00451B74 /* AppDelegate.m */; };
		E1EBAF2D1602CF2F00451B74 /* MainViewController.m in Sources */ = {isa = PBXBuildFile; fileRef = E1EBAF2C1602CF2F00451B74 /* MainViewController.m */; };
		E1EBAF2F1602CF2F00451B74 /* MainViewController.xib in Resources */ = {isa = PBXBuildFile; fileRef = E1EBAF2E1602CF2F00451B74 /* MainViewController.xib */; };
		E1EBAF331602CF2F00451B74 /* verify.sh in Resources */ = {isa = PBXBuildFile; fileRef = E1EBAF321602CF2F00451B74 /* verify.sh */; };
/* End PBXBuildFile section */

/* Begin PBXFileReference section */
		E12FAEA61602D29000A55A5B /* www */ = {isa = PBXFileReference; lastKnownFileType = folder; path = www; sourceTree = "<group>"; };
		E1EBAEDD1602CF2F00451B74 /* Pinnae.app */ = {isa = PBXFileReference; explicitFileType = wrapper.application; includeInIndex = 0; path = Pinnae.app; sourceTree = BUILT_PRODUCTS_DIR; };
		E1EBAEE11602CF2F00451B74 /* Foundation.framework */ = {isa = PBXFileReference; lastKnownFileType = wrapper.framework; name = Foundation.framework; path = System/Library/Frameworks/Foundation.framework; sourceTree = SDKROOT; };
		E1EBAEE31602CF2F00451B74 /* UIKit.framework */ = {isa = PBXFileReference; lastKnownFileType = wrapper.framework; name = UIKit.framework; path = System/Library/Frameworks/UIKit.framework; sourceTree = SDKROOT; };
		E1EBAEE51602CF2F00451B74 /* CoreGraphics.framework */ = {isa = PBXFileReference; lastKnownFileType = wrapper.framework; name = CoreGraphics.framework; path = System/Library/Frameworks/CoreGraphics.framework; sourceTree = SDKROOT; };
		E1EBAEE71602CF2F00451B74 /* AddressBook.framework */ = {isa = PBXFileReference; lastKnownFileType = wrapper.framework; name = AddressBook.framework; path = System/Library/Frameworks/AddressBook.framework; sourceTree = SDKROOT; };
		E1EBAEE91602CF2F00451B74 /* AddressBookUI.framework */ = {isa = PBXFileReference; lastKnownFileType = wrapper.framework; name = AddressBookUI.framework; path = System/Library/Frameworks/AddressBookUI.framework; sourceTree = SDKROOT; };
		E1EBAEEB1602CF2F00451B74 /* AudioToolbox.framework */ = {isa = PBXFileReference; lastKnownFileType = wrapper.framework; name = AudioToolbox.framework; path = System/Library/Frameworks/AudioToolbox.framework; sourceTree = SDKROOT; };
		E1EBAEED1602CF2F00451B74 /* AVFoundation.framework */ = {isa = PBXFileReference; lastKnownFileType = wrapper.framework; name = AVFoundation.framework; path = System/Library/Frameworks/AVFoundation.framework; sourceTree = SDKROOT; };
		E1EBAEEF1602CF2F00451B74 /* CoreLocation.framework */ = {isa = PBXFileReference; lastKnownFileType = wrapper.framework; name = CoreLocation.framework; path = System/Library/Frameworks/CoreLocation.framework; sourceTree = SDKROOT; };
		E1EBAEF11602CF2F00451B74 /* MediaPlayer.framework */ = {isa = PBXFileReference; lastKnownFileType = wrapper.framework; name = MediaPlayer.framework; path = System/Library/Frameworks/MediaPlayer.framework; sourceTree = SDKROOT; };
		E1EBAEF31602CF2F00451B74 /* QuartzCore.framework */ = {isa = PBXFileReference; lastKnownFileType = wrapper.framework; name = QuartzCore.framework; path = System/Library/Frameworks/QuartzCore.framework; sourceTree = SDKROOT; };
		E1EBAEF51602CF2F00451B74 /* SystemConfiguration.framework */ = {isa = PBXFileReference; lastKnownFileType = wrapper.framework; name = SystemConfiguration.framework; path = System/Library/Frameworks/SystemConfiguration.framework; sourceTree = SDKROOT; };
		E1EBAEF71602CF2F00451B74 /* MobileCoreServices.framework */ = {isa = PBXFileReference; lastKnownFileType = wrapper.framework; name = MobileCoreServices.framework; path = System/Library/Frameworks/MobileCoreServices.framework; sourceTree = SDKROOT; };
		E1EBAEF91602CF2F00451B74 /* CoreMedia.framework */ = {isa = PBXFileReference; lastKnownFileType = wrapper.framework; name = CoreMedia.framework; path = System/Library/Frameworks/CoreMedia.framework; sourceTree = SDKROOT; };
		E1EBAEFD1602CF2F00451B74 /* Pinnae-Info.plist */ = {isa = PBXFileReference; lastKnownFileType = text.plist.xml; path = "Pinnae-Info.plist"; sourceTree = "<group>"; };
		E1EBAEFF1602CF2F00451B74 /* en */ = {isa = PBXFileReference; lastKnownFileType = text.plist.strings; name = en; path = en.lproj/InfoPlist.strings; sourceTree = "<group>"; };
		E1EBAF011602CF2F00451B74 /* main.m */ = {isa = PBXFileReference; lastKnownFileType = sourcecode.c.objc; path = main.m; sourceTree = "<group>"; };
		E1EBAF031602CF2F00451B74 /* Pinnae-Prefix.pch */ = {isa = PBXFileReference; lastKnownFileType = sourcecode.c.h; path = "Pinnae-Prefix.pch"; sourceTree = "<group>"; };
		E1EBAF041602CF2F00451B74 /* Cordova.framework */ = {isa = PBXFileReference; lastKnownFileType = wrapper.framework; name = Cordova.framework; path = /Users/Shared/Cordova/Frameworks/Cordova.framework; sourceTree = "<absolute>"; };
		E1EBAF091602CF2F00451B74 /* en */ = {isa = PBXFileReference; lastKnownFileType = text.plist.strings; name = en; path = Resources/en.lproj/Localizable.strings; sourceTree = "<group>"; };
		E1EBAF0D1602CF2F00451B74 /* es */ = {isa = PBXFileReference; lastKnownFileType = text.plist.strings; name = es; path = Resources/es.lproj/Localizable.strings; sourceTree = "<group>"; };
		E1EBAF111602CF2F00451B74 /* de */ = {isa = PBXFileReference; lastKnownFileType = text.plist.strings; name = de; path = Resources/de.lproj/Localizable.strings; sourceTree = "<group>"; };
		E1EBAF151602CF2F00451B74 /* se */ = {isa = PBXFileReference; lastKnownFileType = text.plist.strings; name = se; path = Resources/se.lproj/Localizable.strings; sourceTree = "<group>"; };
		E1EBAF181602CF2F00451B74 /* icon.png */ = {isa = PBXFileReference; lastKnownFileType = image.png; name = icon.png; path = Resources/icons/icon.png; sourceTree = "<group>"; };
		E1EBAF1A1602CF2F00451B74 /* icon@2x.png */ = {isa = PBXFileReference; lastKnownFileType = image.png; name = "icon@2x.png"; path = "Resources/icons/icon@2x.png"; sourceTree = "<group>"; };
		E1EBAF1C1602CF2F00451B74 /* icon-72.png */ = {isa = PBXFileReference; lastKnownFileType = image.png; name = "icon-72.png"; path = "Resources/icons/icon-72.png"; sourceTree = "<group>"; };
		E1EBAF1F1602CF2F00451B74 /* Default~iphone.png */ = {isa = PBXFileReference; lastKnownFileType = image.png; name = "Default~iphone.png"; path = "Resources/splash/Default~iphone.png"; sourceTree = "<group>"; };
		E1EBAF211602CF2F00451B74 /* Default@2x~iphone.png */ = {isa = PBXFileReference; lastKnownFileType = image.png; name = "Default@2x~iphone.png"; path = "Resources/splash/Default@2x~iphone.png"; sourceTree = "<group>"; };
		E1EBAF231602CF2F00451B74 /* Capture.bundle */ = {isa = PBXFileReference; lastKnownFileType = "wrapper.plug-in"; name = Capture.bundle; path = Resources/Capture.bundle; sourceTree = "<group>"; };
		E1EBAF251602CF2F00451B74 /* Cordova.plist */ = {isa = PBXFileReference; lastKnownFileType = text.plist.xml; path = Cordova.plist; sourceTree = "<group>"; };
		E1EBAF281602CF2F00451B74 /* AppDelegate.h */ = {isa = PBXFileReference; lastKnownFileType = sourcecode.c.h; name = AppDelegate.h; path = Classes/AppDelegate.h; sourceTree = "<group>"; };
		E1EBAF291602CF2F00451B74 /* AppDelegate.m */ = {isa = PBXFileReference; lastKnownFileType = sourcecode.c.objc; name = AppDelegate.m; path = Classes/AppDelegate.m; sourceTree = "<group>"; };
		E1EBAF2B1602CF2F00451B74 /* MainViewController.h */ = {isa = PBXFileReference; lastKnownFileType = sourcecode.c.h; name = MainViewController.h; path = Classes/MainViewController.h; sourceTree = "<group>"; };
		E1EBAF2C1602CF2F00451B74 /* MainViewController.m */ = {isa = PBXFileReference; lastKnownFileType = sourcecode.c.objc; name = MainViewController.m; path = Classes/MainViewController.m; sourceTree = "<group>"; };
		E1EBAF2E1602CF2F00451B74 /* MainViewController.xib */ = {isa = PBXFileReference; lastKnownFileType = file.xib; name = MainViewController.xib; path = Classes/MainViewController.xib; sourceTree = "<group>"; };
		E1EBAF311602CF2F00451B74 /* README */ = {isa = PBXFileReference; lastKnownFileType = text; name = README; path = Plugins/README; sourceTree = "<group>"; };
		E1EBAF321602CF2F00451B74 /* verify.sh */ = {isa = PBXFileReference; lastKnownFileType = text.script.sh; path = verify.sh; sourceTree = "<group>"; };
/* End PBXFileReference section */

/* Begin PBXFrameworksBuildPhase section */
		E1EBAED71602CF2F00451B74 /* Frameworks */ = {
			isa = PBXFrameworksBuildPhase;
			buildActionMask = 2147483647;
			files = (
				E1EBAEE21602CF2F00451B74 /* Foundation.framework in Frameworks */,
				E1EBAEE41602CF2F00451B74 /* UIKit.framework in Frameworks */,
				E1EBAEE61602CF2F00451B74 /* CoreGraphics.framework in Frameworks */,
				E1EBAEE81602CF2F00451B74 /* AddressBook.framework in Frameworks */,
				E1EBAEEA1602CF2F00451B74 /* AddressBookUI.framework in Frameworks */,
				E1EBAEEC1602CF2F00451B74 /* AudioToolbox.framework in Frameworks */,
				E1EBAEEE1602CF2F00451B74 /* AVFoundation.framework in Frameworks */,
				E1EBAEF01602CF2F00451B74 /* CoreLocation.framework in Frameworks */,
				E1EBAEF21602CF2F00451B74 /* MediaPlayer.framework in Frameworks */,
				E1EBAEF41602CF2F00451B74 /* QuartzCore.framework in Frameworks */,
				E1EBAEF61602CF2F00451B74 /* SystemConfiguration.framework in Frameworks */,
				E1EBAEF81602CF2F00451B74 /* MobileCoreServices.framework in Frameworks */,
				E1EBAEFA1602CF2F00451B74 /* CoreMedia.framework in Frameworks */,
				E1EBAF051602CF2F00451B74 /* Cordova.framework in Frameworks */,
			);
			runOnlyForDeploymentPostprocessing = 0;
		};
		E1EBAEDA1602CF2F00451B74 /* Frameworks */ = {
			isa = PBXFrameworksBuildPhase;
			buildActionMask = 2147483647;
			files = (
			);
			runOnlyForDeploymentPostprocessing = 0;
		};
/* End PBXFrameworksBuildPhase section */

/* Begin PBXGroup section */
		E1EBAECF1602CF2E00451B74 = {
			isa = PBXGroup;
			children = (
				E12FAEA61602D29000A55A5B /* www */,
				E1EBAEFB1602CF2F00451B74 /* Pinnae */,
				E1EBAEE01602CF2F00451B74 /* Frameworks */,
				E1EBAEDE1602CF2F00451B74 /* Products */,
			);
			sourceTree = "<group>";
		};
		E1EBAEDE1602CF2F00451B74 /* Products */ = {
			isa = PBXGroup;
			children = (
				E1EBAEDD1602CF2F00451B74 /* Pinnae.app */,
			);
			name = Products;
			sourceTree = "<group>";
		};
		E1EBAEE01602CF2F00451B74 /* Frameworks */ = {
			isa = PBXGroup;
			children = (
				E1EBAEE11602CF2F00451B74 /* Foundation.framework */,
				E1EBAEE31602CF2F00451B74 /* UIKit.framework */,
				E1EBAEE51602CF2F00451B74 /* CoreGraphics.framework */,
				E1EBAEE71602CF2F00451B74 /* AddressBook.framework */,
				E1EBAEE91602CF2F00451B74 /* AddressBookUI.framework */,
				E1EBAEEB1602CF2F00451B74 /* AudioToolbox.framework */,
				E1EBAEED1602CF2F00451B74 /* AVFoundation.framework */,
				E1EBAEEF1602CF2F00451B74 /* CoreLocation.framework */,
				E1EBAEF11602CF2F00451B74 /* MediaPlayer.framework */,
				E1EBAEF31602CF2F00451B74 /* QuartzCore.framework */,
				E1EBAEF51602CF2F00451B74 /* SystemConfiguration.framework */,
				E1EBAEF71602CF2F00451B74 /* MobileCoreServices.framework */,
				E1EBAEF91602CF2F00451B74 /* CoreMedia.framework */,
			);
			name = Frameworks;
			sourceTree = "<group>";
		};
		E1EBAEFB1602CF2F00451B74 /* Pinnae */ = {
			isa = PBXGroup;
			children = (
				E1EBAF041602CF2F00451B74 /* Cordova.framework */,
				E1EBAF061602CF2F00451B74 /* Resources */,
				E1EBAF271602CF2F00451B74 /* Classes */,
				E1EBAF301602CF2F00451B74 /* Plugins */,
				E1EBAEFC1602CF2F00451B74 /* Supporting Files */,
			);
			path = Pinnae;
			sourceTree = "<group>";
		};
		E1EBAEFC1602CF2F00451B74 /* Supporting Files */ = {
			isa = PBXGroup;
			children = (
				E1EBAEFD1602CF2F00451B74 /* Pinnae-Info.plist */,
				E1EBAEFE1602CF2F00451B74 /* InfoPlist.strings */,
				E1EBAF011602CF2F00451B74 /* main.m */,
				E1EBAF031602CF2F00451B74 /* Pinnae-Prefix.pch */,
				E1EBAF251602CF2F00451B74 /* Cordova.plist */,
				E1EBAF2E1602CF2F00451B74 /* MainViewController.xib */,
				E1EBAF321602CF2F00451B74 /* verify.sh */,
			);
			name = "Supporting Files";
			sourceTree = "<group>";
		};
		E1EBAF061602CF2F00451B74 /* Resources */ = {
			isa = PBXGroup;
			children = (
				E1EBAF231602CF2F00451B74 /* Capture.bundle */,
				E1EBAF071602CF2F00451B74 /* en.lproj */,
				E1EBAF0B1602CF2F00451B74 /* es.lproj */,
				E1EBAF0F1602CF2F00451B74 /* de.lproj */,
				E1EBAF131602CF2F00451B74 /* se.lproj */,
				E1EBAF171602CF2F00451B74 /* icons */,
				E1EBAF1E1602CF2F00451B74 /* splash */,
			);
			name = Resources;
			sourceTree = "<group>";
		};
		E1EBAF071602CF2F00451B74 /* en.lproj */ = {
			isa = PBXGroup;
			children = (
				E1EBAF081602CF2F00451B74 /* Localizable.strings */,
			);
			name = en.lproj;
			sourceTree = "<group>";
		};
		E1EBAF0B1602CF2F00451B74 /* es.lproj */ = {
			isa = PBXGroup;
			children = (
				E1EBAF0C1602CF2F00451B74 /* Localizable.strings */,
			);
			name = es.lproj;
			sourceTree = "<group>";
		};
		E1EBAF0F1602CF2F00451B74 /* de.lproj */ = {
			isa = PBXGroup;
			children = (
				E1EBAF101602CF2F00451B74 /* Localizable.strings */,
			);
			name = de.lproj;
			sourceTree = "<group>";
		};
		E1EBAF131602CF2F00451B74 /* se.lproj */ = {
			isa = PBXGroup;
			children = (
				E1EBAF141602CF2F00451B74 /* Localizable.strings */,
			);
			name = se.lproj;
			sourceTree = "<group>";
		};
		E1EBAF171602CF2F00451B74 /* icons */ = {
			isa = PBXGroup;
			children = (
				E1EBAF181602CF2F00451B74 /* icon.png */,
				E1EBAF1A1602CF2F00451B74 /* icon@2x.png */,
				E1EBAF1C1602CF2F00451B74 /* icon-72.png */,
			);
			name = icons;
			sourceTree = "<group>";
		};
		E1EBAF1E1602CF2F00451B74 /* splash */ = {
			isa = PBXGroup;
			children = (
				E1EBAF1F1602CF2F00451B74 /* Default~iphone.png */,
				E1EBAF211602CF2F00451B74 /* Default@2x~iphone.png */,
			);
			name = splash;
			sourceTree = "<group>";
		};
		E1EBAF271602CF2F00451B74 /* Classes */ = {
			isa = PBXGroup;
			children = (
				E1EBAF281602CF2F00451B74 /* AppDelegate.h */,
				E1EBAF291602CF2F00451B74 /* AppDelegate.m */,
				E1EBAF2B1602CF2F00451B74 /* MainViewController.h */,
				E1EBAF2C1602CF2F00451B74 /* MainViewController.m */,
			);
			name = Classes;
			sourceTree = "<group>";
		};
		E1EBAF301602CF2F00451B74 /* Plugins */ = {
			isa = PBXGroup;
			children = (
				E1EBAF311602CF2F00451B74 /* README */,
			);
			name = Plugins;
			sourceTree = "<group>";
		};
/* End PBXGroup section */

/* Begin PBXNativeTarget section */
		E1EBAEDC1602CF2F00451B74 /* Pinnae */ = {
			isa = PBXNativeTarget;
			buildConfigurationList = E1EBAF361602CF2F00451B74 /* Build configuration list for PBXNativeTarget "Pinnae" */;
			buildPhases = (
				E1EBAED61602CF2F00451B74 /* Sources */,
				E1EBAED71602CF2F00451B74 /* Frameworks */,
				E1EBAED81602CF2F00451B74 /* Resources */,
				E1EBAED91602CF2F00451B74 /* Sources */,
				E1EBAEDA1602CF2F00451B74 /* Frameworks */,
				E1EBAEDB1602CF2F00451B74 /* ShellScript */,
			);
			buildRules = (
			);
			dependencies = (
			);
			name = Pinnae;
			productName = Pinnae;
			productReference = E1EBAEDD1602CF2F00451B74 /* Pinnae.app */;
			productType = "com.apple.product-type.application";
		};
/* End PBXNativeTarget section */

/* Begin PBXProject section */
		E1EBAED11602CF2E00451B74 /* Project object */ = {
			isa = PBXProject;
			attributes = {
				LastUpgradeCheck = 0440;
				ORGANIZATIONNAME = "50 Cubes";
			};
			buildConfigurationList = E1EBAED41602CF2E00451B74 /* Build configuration list for PBXProject "Pinnae" */;
			compatibilityVersion = "Xcode 3.2";
			developmentRegion = English;
			hasScannedForEncodings = 0;
			knownRegions = (
				en,
				es,
				de,
				se,
			);
			mainGroup = E1EBAECF1602CF2E00451B74;
			productRefGroup = E1EBAEDE1602CF2F00451B74 /* Products */;
			projectDirPath = "";
			projectRoot = "";
			targets = (
				E1EBAEDC1602CF2F00451B74 /* Pinnae */,
			);
		};
/* End PBXProject section */

/* Begin PBXResourcesBuildPhase section */
		E1EBAED81602CF2F00451B74 /* Resources */ = {
			isa = PBXResourcesBuildPhase;
			buildActionMask = 2147483647;
			files = (
				E1EBAF001602CF2F00451B74 /* InfoPlist.strings in Resources */,
				E1EBAF0A1602CF2F00451B74 /* Localizable.strings in Resources */,
				E1EBAF191602CF2F00451B74 /* icon.png in Resources */,
				E1EBAF1B1602CF2F00451B74 /* icon@2x.png in Resources */,
				E1EBAF1D1602CF2F00451B74 /* icon-72.png in Resources */,
				E1EBAF201602CF2F00451B74 /* Default~iphone.png in Resources */,
				E1EBAF221602CF2F00451B74 /* Default@2x~iphone.png in Resources */,
				E1EBAF241602CF2F00451B74 /* Capture.bundle in Resources */,
				E1EBAF261602CF2F00451B74 /* Cordova.plist in Resources */,
				E1EBAF2F1602CF2F00451B74 /* MainViewController.xib in Resources */,
				E1EBAF331602CF2F00451B74 /* verify.sh in Resources */,
				E12FAEA71602D29000A55A5B /* www in Resources */,
			);
			runOnlyForDeploymentPostprocessing = 0;
		};
/* End PBXResourcesBuildPhase section */

/* Begin PBXShellScriptBuildPhase section */
		E1EBAEDB1602CF2F00451B74 /* ShellScript */ = {
			isa = PBXShellScriptBuildPhase;
			buildActionMask = 2147483647;
			files = (
			);
			inputPaths = (
			);
			outputPaths = (
			);
			runOnlyForDeploymentPostprocessing = 0;
			shellPath = /bin/bash;
			shellScript = "\n\t\t\t\t\t\t\t\tchmod 755 \"$PROJECT_DIR/$PROJECT_NAME/verify.sh\"\n\t\t\t\t\t\t\t\t\"$PROJECT_DIR/$PROJECT_NAME/verify.sh\"\n\t\t\t\t\t";
		};
/* End PBXShellScriptBuildPhase section */

/* Begin PBXSourcesBuildPhase section */
		E1EBAED61602CF2F00451B74 /* Sources */ = {
			isa = PBXSourcesBuildPhase;
			buildActionMask = 2147483647;
			files = (
				E1EBAF021602CF2F00451B74 /* main.m in Sources */,
				E1EBAF2A1602CF2F00451B74 /* AppDelegate.m in Sources */,
				E1EBAF2D1602CF2F00451B74 /* MainViewController.m in Sources */,
			);
			runOnlyForDeploymentPostprocessing = 0;
		};
		E1EBAED91602CF2F00451B74 /* Sources */ = {
			isa = PBXSourcesBuildPhase;
			buildActionMask = 2147483647;
			files = (
			);
			runOnlyForDeploymentPostprocessing = 0;
		};
/* End PBXSourcesBuildPhase section */

/* Begin PBXVariantGroup section */
		E1EBAEFE1602CF2F00451B74 /* InfoPlist.strings */ = {
			isa = PBXVariantGroup;
			children = (
				E1EBAEFF1602CF2F00451B74 /* en */,
			);
			name = InfoPlist.strings;
			sourceTree = "<group>";
		};
		E1EBAF081602CF2F00451B74 /* Localizable.strings */ = {
			isa = PBXVariantGroup;
			children = (
				E1EBAF091602CF2F00451B74 /* en */,
			);
			name = Localizable.strings;
			sourceTree = "<group>";
		};
		E1EBAF0C1602CF2F00451B74 /* Localizable.strings */ = {
			isa = PBXVariantGroup;
			children = (
				E1EBAF0D1602CF2F00451B74 /* es */,
			);
			name = Localizable.strings;
			sourceTree = "<group>";
		};
		E1EBAF101602CF2F00451B74 /* Localizable.strings */ = {
			isa = PBXVariantGroup;
			children = (
				E1EBAF111602CF2F00451B74 /* de */,
			);
			name = Localizable.strings;
			sourceTree = "<group>";
		};
		E1EBAF141602CF2F00451B74 /* Localizable.strings */ = {
			isa = PBXVariantGroup;
			children = (
				E1EBAF151602CF2F00451B74 /* se */,
			);
			name = Localizable.strings;
			sourceTree = "<group>";
		};
/* End PBXVariantGroup section */

/* Begin XCBuildConfiguration section */
		E1EBAF341602CF2F00451B74 /* Debug */ = {
			isa = XCBuildConfiguration;
			buildSettings = {
				ALWAYS_SEARCH_USER_PATHS = NO;
				ARCHS = (
					armv6,
					"$(ARCHS_STANDARD_32_BIT)",
				);
				CLANG_CXX_LANGUAGE_STANDARD = "gnu++0x";
				CLANG_WARN__DUPLICATE_METHOD_MATCH = YES;
				"CODE_SIGN_IDENTITY[sdk=iphoneos*]" = "iPhone Developer";
				COPY_PHASE_STRIP = NO;
				GCC_C_LANGUAGE_STANDARD = gnu99;
				GCC_DYNAMIC_NO_PIC = NO;
				GCC_OPTIMIZATION_LEVEL = 0;
				GCC_PREPROCESSOR_DEFINITIONS = (
					"DEBUG=1",
					"$(inherited)",
				);
				GCC_SYMBOLS_PRIVATE_EXTERN = NO;
				GCC_VERSION = com.apple.compilers.llvm.clang.1_0;
				GCC_WARN_ABOUT_RETURN_TYPE = YES;
				GCC_WARN_UNINITIALIZED_AUTOS = YES;
				GCC_WARN_UNUSED_VARIABLE = YES;
				IPHONEOS_DEPLOYMENT_TARGET = 3.0;
				SDKROOT = iphoneos;
			};
			name = Debug;
		};
		E1EBAF351602CF2F00451B74 /* Release */ = {
			isa = XCBuildConfiguration;
			buildSettings = {
				ALWAYS_SEARCH_USER_PATHS = NO;
				ARCHS = (
					armv6,
					"$(ARCHS_STANDARD_32_BIT)",
				);
				CLANG_CXX_LANGUAGE_STANDARD = "gnu++0x";
				CLANG_WARN__DUPLICATE_METHOD_MATCH = YES;
				"CODE_SIGN_IDENTITY[sdk=iphoneos*]" = "iPhone Developer";
				COPY_PHASE_STRIP = YES;
				GCC_C_LANGUAGE_STANDARD = gnu99;
				GCC_VERSION = com.apple.compilers.llvm.clang.1_0;
				GCC_WARN_ABOUT_RETURN_TYPE = YES;
				GCC_WARN_UNINITIALIZED_AUTOS = YES;
				GCC_WARN_UNUSED_VARIABLE = YES;
				IPHONEOS_DEPLOYMENT_TARGET = 3.0;
				SDKROOT = iphoneos;
				VALIDATE_PRODUCT = YES;
			};
			name = Release;
		};
		E1EBAF371602CF2F00451B74 /* Debug */ = {
			isa = XCBuildConfiguration;
			buildSettings = {
				ALWAYS_SEARCH_USER_PATHS = YES;
				COPY_PHASE_STRIP = NO;
				FRAMEWORK_SEARCH_PATHS = /Users/Shared/Cordova/Frameworks;
				GCC_DYNAMIC_NO_PIC = NO;
				GCC_PRECOMPILE_PREFIX_HEADER = YES;
				GCC_PREFIX_HEADER = "Pinnae/Pinnae-Prefix.pch";
				GCC_PREPROCESSOR_DEFINITIONS = (
					"DEBUG=1,",
					"CORDOVA_FRAMEWORK=1",
				);
				INFOPLIST_FILE = "Pinnae/Pinnae-Info.plist";
				OTHER_LDFLAGS = (
					"-weak_framework",
					UIKit,
					"-weak_framework",
					AVFoundation,
					"-weak_framework",
					CoreMedia,
					"-weak_library",
					/usr/lib/libSystem.B.dylib,
				);
				PRODUCT_NAME = "$(TARGET_NAME)";
				TARGETED_DEVICE_FAMILY = "1,2";
				WRAPPER_EXTENSION = app;
			};
			name = Debug;
		};
		E1EBAF381602CF2F00451B74 /* Release */ = {
			isa = XCBuildConfiguration;
			buildSettings = {
				ALWAYS_SEARCH_USER_PATHS = YES;
				COPY_PHASE_STRIP = YES;
				DEBUG_INFORMATION_FORMAT = "dwarf-with-dsym";
				FRAMEWORK_SEARCH_PATHS = /Users/Shared/Cordova/Frameworks;
				GCC_PRECOMPILE_PREFIX_HEADER = YES;
				GCC_PREFIX_HEADER = "Pinnae/Pinnae-Prefix.pch";
				GCC_PREPROCESSOR_DEFINITIONS = (
					"NDEBUG=1,",
					"CORDOVA_FRAMEWORK=1",
				);
				INFOPLIST_FILE = "Pinnae/Pinnae-Info.plist";
				OTHER_LDFLAGS = (
					"-weak_framework",
					UIKit,
					"-weak_framework",
					AVFoundation,
					"-weak_framework",
					CoreMedia,
					"-weak_library",
					/usr/lib/libSystem.B.dylib,
				);
				PRODUCT_NAME = "$(TARGET_NAME)";
				TARGETED_DEVICE_FAMILY = "1,2";
				VALIDATE_PRODUCT = YES;
				WRAPPER_EXTENSION = app;
			};
			name = Release;
		};
/* End XCBuildConfiguration section */

/* Begin XCConfigurationList section */
		E1EBAED41602CF2E00451B74 /* Build configuration list for PBXProject "Pinnae" */ = {
			isa = XCConfigurationList;
			buildConfigurations = (
				E1EBAF341602CF2F00451B74 /* Debug */,
				E1EBAF351602CF2F00451B74 /* Release */,
			);
			defaultConfigurationIsVisible = 0;
			defaultConfigurationName = Release;
		};
		E1EBAF361602CF2F00451B74 /* Build configuration list for PBXNativeTarget "Pinnae" */ = {
			isa = XCConfigurationList;
			buildConfigurations = (
				E1EBAF371602CF2F00451B74 /* Debug */,
				E1EBAF381602CF2F00451B74 /* Release */,
			);
			defaultConfigurationIsVisible = 0;
			defaultConfigurationName = Release;
		};
/* End XCConfigurationList section */
	};
	rootObject = E1EBAED11602CF2E00451B74 /* Project object */;
}
